
Microsoft Visual Studio Solution File, Format Version 12.00
# Visual Studio Version 16
VisualStudioVersion = 16.0.29728.190
MinimumVisualStudioVersion = 10.0.40219.1
Project("{9A19103F-16F7-4668-BE54-9A1E7A4F7556}") = "AIE01hellloWorld", "AIE01hellloWorld\AIE01hellloWorld.csproj", "{3D41EF31-D6CA-47E4-A733-C6332A303D89}"
EndProject
Project("{9A19103F-16F7-4668-BE54-9A1E7A4F7556}") = "AIE02FortuneTeller", "AIE02FortuneTeller\AIE02FortuneTeller.csproj", "{2407E235-DD7A-4088-B8FE-8DCA01AAA89C}"
EndProject
Project("{9A19103F-16F7-4668-BE54-9A1E7A4F7556}") = "AgeCal", "AgeCal\AgeCal.csproj", "{4EAF1072-A919-4CC0-B38C-FBFD9452051B}"
EndProject
Project("{9A19103F-16F7-4668-BE54-9A1E7A4F7556}") = "AIE04Temp", "AIE04Temp\AIE04Temp.csproj", "{EABE7BB7-DBAF-4964-90A9-BE168EBC4FFB}"
EndProject
Project("{9A19103F-16F7-4668-BE54-9A1E7A4F7556}") = "AIE03Circle", "AIE03Circle\AIE03Circle.csproj", "{8F43E374-7F0D-42F6-9F77-29636701C6E4}"
EndProject
Project("{9A19103F-16F7-4668-BE54-9A1E7A4F7556}") = "temp2", "temp2\temp2.csproj", "{543090C5-8D9A-4D93-904A-AC0EDA21D5D4}"
EndProject
Project("{9A19103F-16F7-4668-BE54-9A1E7A4F7556}") = "AIE05Hi-Low", "AIE05Hi-Low\AIE05Hi-Low.csproj", "{A7E123C1-3948-4A6D-A261-84EA0A8F2400}"
EndProject
Project("{9A19103F-16F7-4668-BE54-9A1E7A4F7556}") = "AIE-NineTimesTables", "AIE06NineTimesTables\AIE-NineTimesTables.csproj", "{0BC469AE-EA61-47B6-AE25-5EC075EC15B8}"
EndProject
Project("{9A19103F-16F7-4668-BE54-9A1E7A4F7556}") = "AIE-AllTimesTables", "AIE07AllTimesTables\AIE-AllTimesTables.csproj", "{54ED837A-7560-4203-B69D-F6E287EBC1B0}"
EndProject
Project("{9A19103F-16F7-4668-BE54-9A1E7A4F7556}") = "AIE-PasswordPrompt", "AIE08PasswordPrompt\AIE-PasswordPrompt.csproj", "{ED60A6A5-2F74-41EB-BC42-472F883E52A1}"
EndProject
Project("{9A19103F-16F7-4668-BE54-9A1E7A4F7556}") = "AIE-CalCube", "AIE09CalCube\AIE-CalCube.csproj", "{3676D8A4-4B93-464C-8A33-69E827218545}"
EndProject
Project("{9A19103F-16F7-4668-BE54-9A1E7A4F7556}") = "AIE-Pong", "AiePong\AIE-Pong.csproj", "{03435469-47F6-45CA-938F-2B7BE486521A}"
EndProject
Project("{9A19103F-16F7-4668-BE54-9A1E7A4F7556}") = "AIE-Get Two Lengths", "AIE-Get Two Lengths\AIE-Get Two Lengths.csproj", "{FCEBDF67-739A-4AE5-B6E3-3524BDC1EF11}"
EndProject
Project("{9A19103F-16F7-4668-BE54-9A1E7A4F7556}") = "AIE-NeedleintheHaystack", "AIE-Needle in the Haystack\AIE-NeedleintheHaystack.csproj", "{6DC1113B-F38F-4AF5-BE0C-7A00EBA98960}"
EndProject
Project("{9A19103F-16F7-4668-BE54-9A1E7A4F7556}") = "AIE-CalculateAverage", "AIE-CalculateAverage\AIE-CalculateAverage.csproj", "{A3DC1691-E010-4B5C-B94A-772BC209FA4A}"
EndProject
Project("{9A19103F-16F7-4668-BE54-9A1E7A4F7556}") = "AIE-ReverseArray", "AIE-ReverseArray\AIE-ReverseArray.csproj", "{7F27371A-D0BB-4E8F-8A3B-7BF7FCB8DA45}"
EndProject
Project("{9A19103F-16F7-4668-BE54-9A1E7A4F7556}") = "AIE-Insert Next To", "AIE-Insert Next To\AIE-Insert Next To.csproj", "{BB1064D0-4A69-4BAA-8638-6AB0D83AA13C}"
EndProject
Project("{9A19103F-16F7-4668-BE54-9A1E7A4F7556}") = "AIE-Game Settings", "AIE-Game Settings\AIE-Game Settings.csproj", "{F5167F2A-FB76-45DE-8915-5C0CC90E4B08}"
EndProject
Project("{9A19103F-16F7-4668-BE54-9A1E7A4F7556}") = "AIE-Asteroids", "AIE-Asteroids\AIE-Asteroids.csproj", "{6446DE31-8D4C-45D0-9221-481EE58FBF98}"
EndProject
Project("{9A19103F-16F7-4668-BE54-9A1E7A4F7556}") = "AIE-AnimalsPerson", "AIE-AnimalsPerson\AIE-AnimalsPerson.csproj", "{115EE486-DD50-4A60-8BAA-898668869E49}"
EndProject
Project("{9A19103F-16F7-4668-BE54-9A1E7A4F7556}") = "AIE-WorkingWithFiles", "AIE-WorkingWithFiles\AIE-WorkingWithFiles.csproj", "{B47D86E6-DA27-48C2-9D70-EAD2DD5C48A7}"
EndProject
Project("{9A19103F-16F7-4668-BE54-9A1E7A4F7556}") = "AIE-SaveContact", "AIE-SaveContact\AIE-SaveContact.csproj", "{0D09B56B-DD66-4960-906C-58B63AA5BE57}"
EndProject
Project("{9A19103F-16F7-4668-BE54-9A1E7A4F7556}") = "AIE-SaveContactV2", "AIE-SaveContactV2\AIE-SaveContactV2.csproj", "{B3CED60F-B93C-4711-8734-0CEBF3859D6D}"
EndProject
Project("{9A19103F-16F7-4668-BE54-9A1E7A4F7556}") = "AIE-SaveContactList", "AIE-SaveContactList\AIE-SaveContactList.csproj", "{E671F43D-5CFB-4519-BECB-5F1B33672AA5}"
EndProject
Project("{9A19103F-16F7-4668-BE54-9A1E7A4F7556}") = "AIE-HighScoresTable", "AIE-HighScoresTable\AIE-HighScoresTable.csproj", "{CCEE8C4F-BD99-4C72-A725-9DA246C6A975}"
EndProject
Project("{9A19103F-16F7-4668-BE54-9A1E7A4F7556}") = "AIE-GameStates_01", "AIE-GameStates_01\AIE-GameStates_01.csproj", "{0D4E16F1-1889-4D3F-935B-071BFCF70A36}"
EndProject
Project("{FAE04EC0-301F-11D3-BF4B-00C04F79EFBC}") = "Teach", "Teach\Teach.csproj", "{009C6094-7048-4F3B-A8AB-EA5E1F2057D7}"
EndProject
Global
	GlobalSection(SolutionConfigurationPlatforms) = preSolution
		Debug|Any CPU = Debug|Any CPU
		Release|Any CPU = Release|Any CPU
	EndGlobalSection
	GlobalSection(ProjectConfigurationPlatforms) = postSolution
		{3D41EF31-D6CA-47E4-A733-C6332A303D89}.Debug|Any CPU.ActiveCfg = Debug|Any CPU
		{3D41EF31-D6CA-47E4-A733-C6332A303D89}.Debug|Any CPU.Build.0 = Debug|Any CPU
		{3D41EF31-D6CA-47E4-A733-C6332A303D89}.Release|Any CPU.ActiveCfg = Release|Any CPU
		{3D41EF31-D6CA-47E4-A733-C6332A303D89}.Release|Any CPU.Build.0 = Release|Any CPU
		{2407E235-DD7A-4088-B8FE-8DCA01AAA89C}.Debug|Any CPU.ActiveCfg = Debug|Any CPU
		{2407E235-DD7A-4088-B8FE-8DCA01AAA89C}.Debug|Any CPU.Build.0 = Debug|Any CPU
		{2407E235-DD7A-4088-B8FE-8DCA01AAA89C}.Release|Any CPU.ActiveCfg = Release|Any CPU
		{2407E235-DD7A-4088-B8FE-8DCA01AAA89C}.Release|Any CPU.Build.0 = Release|Any CPU
		{4EAF1072-A919-4CC0-B38C-FBFD9452051B}.Debug|Any CPU.ActiveCfg = Debug|Any CPU
		{4EAF1072-A919-4CC0-B38C-FBFD9452051B}.Debug|Any CPU.Build.0 = Debug|Any CPU
		{4EAF1072-A919-4CC0-B38C-FBFD9452051B}.Release|Any CPU.ActiveCfg = Release|Any CPU
		{4EAF1072-A919-4CC0-B38C-FBFD9452051B}.Release|Any CPU.Build.0 = Release|Any CPU
		{EABE7BB7-DBAF-4964-90A9-BE168EBC4FFB}.Debug|Any CPU.ActiveCfg = Debug|Any CPU
		{EABE7BB7-DBAF-4964-90A9-BE168EBC4FFB}.Debug|Any CPU.Build.0 = Debug|Any CPU
		{EABE7BB7-DBAF-4964-90A9-BE168EBC4FFB}.Release|Any CPU.ActiveCfg = Release|Any CPU
		{EABE7BB7-DBAF-4964-90A9-BE168EBC4FFB}.Release|Any CPU.Build.0 = Release|Any CPU
		{8F43E374-7F0D-42F6-9F77-29636701C6E4}.Debug|Any CPU.ActiveCfg = Debug|Any CPU
		{8F43E374-7F0D-42F6-9F77-29636701C6E4}.Debug|Any CPU.Build.0 = Debug|Any CPU
		{8F43E374-7F0D-42F6-9F77-29636701C6E4}.Release|Any CPU.ActiveCfg = Release|Any CPU
		{8F43E374-7F0D-42F6-9F77-29636701C6E4}.Release|Any CPU.Build.0 = Release|Any CPU
		{543090C5-8D9A-4D93-904A-AC0EDA21D5D4}.Debug|Any CPU.ActiveCfg = Debug|Any CPU
		{543090C5-8D9A-4D93-904A-AC0EDA21D5D4}.Debug|Any CPU.Build.0 = Debug|Any CPU
		{543090C5-8D9A-4D93-904A-AC0EDA21D5D4}.Release|Any CPU.ActiveCfg = Release|Any CPU
		{543090C5-8D9A-4D93-904A-AC0EDA21D5D4}.Release|Any CPU.Build.0 = Release|Any CPU
		{A7E123C1-3948-4A6D-A261-84EA0A8F2400}.Debug|Any CPU.ActiveCfg = Debug|Any CPU
		{A7E123C1-3948-4A6D-A261-84EA0A8F2400}.Debug|Any CPU.Build.0 = Debug|Any CPU
		{A7E123C1-3948-4A6D-A261-84EA0A8F2400}.Release|Any CPU.ActiveCfg = Release|Any CPU
		{A7E123C1-3948-4A6D-A261-84EA0A8F2400}.Release|Any CPU.Build.0 = Release|Any CPU
		{0BC469AE-EA61-47B6-AE25-5EC075EC15B8}.Debug|Any CPU.ActiveCfg = Debug|Any CPU
		{0BC469AE-EA61-47B6-AE25-5EC075EC15B8}.Debug|Any CPU.Build.0 = Debug|Any CPU
		{0BC469AE-EA61-47B6-AE25-5EC075EC15B8}.Release|Any CPU.ActiveCfg = Release|Any CPU
		{0BC469AE-EA61-47B6-AE25-5EC075EC15B8}.Release|Any CPU.Build.0 = Release|Any CPU
		{54ED837A-7560-4203-B69D-F6E287EBC1B0}.Debug|Any CPU.ActiveCfg = Debug|Any CPU
		{54ED837A-7560-4203-B69D-F6E287EBC1B0}.Debug|Any CPU.Build.0 = Debug|Any CPU
		{54ED837A-7560-4203-B69D-F6E287EBC1B0}.Release|Any CPU.ActiveCfg = Release|Any CPU
		{54ED837A-7560-4203-B69D-F6E287EBC1B0}.Release|Any CPU.Build.0 = Release|Any CPU
		{ED60A6A5-2F74-41EB-BC42-472F883E52A1}.Debug|Any CPU.ActiveCfg = Debug|Any CPU
		{ED60A6A5-2F74-41EB-BC42-472F883E52A1}.Debug|Any CPU.Build.0 = Debug|Any CPU
		{ED60A6A5-2F74-41EB-BC42-472F883E52A1}.Release|Any CPU.ActiveCfg = Release|Any CPU
		{ED60A6A5-2F74-41EB-BC42-472F883E52A1}.Release|Any CPU.Build.0 = Release|Any CPU
		{3676D8A4-4B93-464C-8A33-69E827218545}.Debug|Any CPU.ActiveCfg = Debug|Any CPU
		{3676D8A4-4B93-464C-8A33-69E827218545}.Debug|Any CPU.Build.0 = Debug|Any CPU
		{3676D8A4-4B93-464C-8A33-69E827218545}.Release|Any CPU.ActiveCfg = Release|Any CPU
		{3676D8A4-4B93-464C-8A33-69E827218545}.Release|Any CPU.Build.0 = Release|Any CPU
		{03435469-47F6-45CA-938F-2B7BE486521A}.Debug|Any CPU.ActiveCfg = Debug|Any CPU
		{03435469-47F6-45CA-938F-2B7BE486521A}.Debug|Any CPU.Build.0 = Debug|Any CPU
		{03435469-47F6-45CA-938F-2B7BE486521A}.Release|Any CPU.ActiveCfg = Release|Any CPU
		{03435469-47F6-45CA-938F-2B7BE486521A}.Release|Any CPU.Build.0 = Release|Any CPU
		{FCEBDF67-739A-4AE5-B6E3-3524BDC1EF11}.Debug|Any CPU.ActiveCfg = Debug|Any CPU
		{FCEBDF67-739A-4AE5-B6E3-3524BDC1EF11}.Debug|Any CPU.Build.0 = Debug|Any CPU
		{FCEBDF67-739A-4AE5-B6E3-3524BDC1EF11}.Release|Any CPU.ActiveCfg = Release|Any CPU
		{FCEBDF67-739A-4AE5-B6E3-3524BDC1EF11}.Release|Any CPU.Build.0 = Release|Any CPU
		{6DC1113B-F38F-4AF5-BE0C-7A00EBA98960}.Debug|Any CPU.ActiveCfg = Debug|Any CPU
		{6DC1113B-F38F-4AF5-BE0C-7A00EBA98960}.Debug|Any CPU.Build.0 = Debug|Any CPU
		{6DC1113B-F38F-4AF5-BE0C-7A00EBA98960}.Release|Any CPU.ActiveCfg = Release|Any CPU
		{6DC1113B-F38F-4AF5-BE0C-7A00EBA98960}.Release|Any CPU.Build.0 = Release|Any CPU
		{A3DC1691-E010-4B5C-B94A-772BC209FA4A}.Debug|Any CPU.ActiveCfg = Debug|Any CPU
		{A3DC1691-E010-4B5C-B94A-772BC209FA4A}.Debug|Any CPU.Build.0 = Debug|Any CPU
		{A3DC1691-E010-4B5C-B94A-772BC209FA4A}.Release|Any CPU.ActiveCfg = Release|Any CPU
		{A3DC1691-E010-4B5C-B94A-772BC209FA4A}.Release|Any CPU.Build.0 = Release|Any CPU
		{7F27371A-D0BB-4E8F-8A3B-7BF7FCB8DA45}.Debug|Any CPU.ActiveCfg = Debug|Any CPU
		{7F27371A-D0BB-4E8F-8A3B-7BF7FCB8DA45}.Debug|Any CPU.Build.0 = Debug|Any CPU
		{7F27371A-D0BB-4E8F-8A3B-7BF7FCB8DA45}.Release|Any CPU.ActiveCfg = Release|Any CPU
		{7F27371A-D0BB-4E8F-8A3B-7BF7FCB8DA45}.Release|Any CPU.Build.0 = Release|Any CPU
		{BB1064D0-4A69-4BAA-8638-6AB0D83AA13C}.Debug|Any CPU.ActiveCfg = Debug|Any CPU
		{BB1064D0-4A69-4BAA-8638-6AB0D83AA13C}.Debug|Any CPU.Build.0 = Debug|Any CPU
		{BB1064D0-4A69-4BAA-8638-6AB0D83AA13C}.Release|Any CPU.ActiveCfg = Release|Any CPU
		{BB1064D0-4A69-4BAA-8638-6AB0D83AA13C}.Release|Any CPU.Build.0 = Release|Any CPU
		{F5167F2A-FB76-45DE-8915-5C0CC90E4B08}.Debug|Any CPU.ActiveCfg = Debug|Any CPU
		{F5167F2A-FB76-45DE-8915-5C0CC90E4B08}.Debug|Any CPU.Build.0 = Debug|Any CPU
		{F5167F2A-FB76-45DE-8915-5C0CC90E4B08}.Release|Any CPU.ActiveCfg = Release|Any CPU
		{F5167F2A-FB76-45DE-8915-5C0CC90E4B08}.Release|Any CPU.Build.0 = Release|Any CPU
		{6446DE31-8D4C-45D0-9221-481EE58FBF98}.Debug|Any CPU.ActiveCfg = Debug|Any CPU
		{6446DE31-8D4C-45D0-9221-481EE58FBF98}.Debug|Any CPU.Build.0 = Debug|Any CPU
		{6446DE31-8D4C-45D0-9221-481EE58FBF98}.Release|Any CPU.ActiveCfg = Release|Any CPU
		{6446DE31-8D4C-45D0-9221-481EE58FBF98}.Release|Any CPU.Build.0 = Release|Any CPU
		{115EE486-DD50-4A60-8BAA-898668869E49}.Debug|Any CPU.ActiveCfg = Debug|Any CPU
		{115EE486-DD50-4A60-8BAA-898668869E49}.Debug|Any CPU.Build.0 = Debug|Any CPU
		{115EE486-DD50-4A60-8BAA-898668869E49}.Release|Any CPU.ActiveCfg = Release|Any CPU
		{115EE486-DD50-4A60-8BAA-898668869E49}.Release|Any CPU.Build.0 = Release|Any CPU
		{B47D86E6-DA27-48C2-9D70-EAD2DD5C48A7}.Debug|Any CPU.ActiveCfg = Debug|Any CPU
		{B47D86E6-DA27-48C2-9D70-EAD2DD5C48A7}.Debug|Any CPU.Build.0 = Debug|Any CPU
		{B47D86E6-DA27-48C2-9D70-EAD2DD5C48A7}.Release|Any CPU.ActiveCfg = Release|Any CPU
		{B47D86E6-DA27-48C2-9D70-EAD2DD5C48A7}.Release|Any CPU.Build.0 = Release|Any CPU
		{0D09B56B-DD66-4960-906C-58B63AA5BE57}.Debug|Any CPU.ActiveCfg = Debug|Any CPU
		{0D09B56B-DD66-4960-906C-58B63AA5BE57}.Debug|Any CPU.Build.0 = Debug|Any CPU
		{0D09B56B-DD66-4960-906C-58B63AA5BE57}.Release|Any CPU.ActiveCfg = Release|Any CPU
		{0D09B56B-DD66-4960-906C-58B63AA5BE57}.Release|Any CPU.Build.0 = Release|Any CPU
		{B3CED60F-B93C-4711-8734-0CEBF3859D6D}.Debug|Any CPU.ActiveCfg = Debug|Any CPU
		{B3CED60F-B93C-4711-8734-0CEBF3859D6D}.Debug|Any CPU.Build.0 = Debug|Any CPU
		{B3CED60F-B93C-4711-8734-0CEBF3859D6D}.Release|Any CPU.ActiveCfg = Release|Any CPU
		{B3CED60F-B93C-4711-8734-0CEBF3859D6D}.Release|Any CPU.Build.0 = Release|Any CPU
		{E671F43D-5CFB-4519-BECB-5F1B33672AA5}.Debug|Any CPU.ActiveCfg = Debug|Any CPU
		{E671F43D-5CFB-4519-BECB-5F1B33672AA5}.Debug|Any CPU.Build.0 = Debug|Any CPU
		{E671F43D-5CFB-4519-BECB-5F1B33672AA5}.Release|Any CPU.ActiveCfg = Release|Any CPU
		{E671F43D-5CFB-4519-BECB-5F1B33672AA5}.Release|Any CPU.Build.0 = Release|Any CPU
		{CCEE8C4F-BD99-4C72-A725-9DA246C6A975}.Debug|Any CPU.ActiveCfg = Debug|Any CPU
		{CCEE8C4F-BD99-4C72-A725-9DA246C6A975}.Debug|Any CPU.Build.0 = Debug|Any CPU
		{CCEE8C4F-BD99-4C72-A725-9DA246C6A975}.Release|Any CPU.ActiveCfg = Release|Any CPU
		{CCEE8C4F-BD99-4C72-A725-9DA246C6A975}.Release|Any CPU.Build.0 = Release|Any CPU
		{0D4E16F1-1889-4D3F-935B-071BFCF70A36}.Debug|Any CPU.ActiveCfg = Debug|Any CPU
		{0D4E16F1-1889-4D3F-935B-071BFCF70A36}.Debug|Any CPU.Build.0 = Debug|Any CPU
		{0D4E16F1-1889-4D3F-935B-071BFCF70A36}.Release|Any CPU.ActiveCfg = Release|Any CPU
		{0D4E16F1-1889-4D3F-935B-071BFCF70A36}.Release|Any CPU.Build.0 = Release|Any CPU
		{009C6094-7048-4F3B-A8AB-EA5E1F2057D7}.Debug|Any CPU.ActiveCfg = Debug|Any CPU
		{009C6094-7048-4F3B-A8AB-EA5E1F2057D7}.Debug|Any CPU.Build.0 = Debug|Any CPU
		{009C6094-7048-4F3B-A8AB-EA5E1F2057D7}.Release|Any CPU.ActiveCfg = Release|Any CPU
		{009C6094-7048-4F3B-A8AB-EA5E1F2057D7}.Release|Any CPU.Build.0 = Release|Any CPU
	EndGlobalSection
	GlobalSection(SolutionProperties) = preSolution
		HideSolutionNode = FALSE
	EndGlobalSection
	GlobalSection(ExtensibilityGlobals) = postSolution
		SolutionGuid = {22A61DB7-6076-4C18-81F0-12D92E17AADA}
	EndGlobalSection
EndGlobal
